// !$*UTF8*$!
{
	archiveVersion = 1;
	classes = {
	};
	objectVersion = 50;
	objects = {

/* Begin PBXBuildFile section */
		DF45E72E25E8233000AC95E1 /* CAExchangeRepositoryProtocol.swift in Sources */ = {isa = PBXBuildFile; fileRef = DF45E72D25E8233000AC95E1 /* CAExchangeRepositoryProtocol.swift */; };
		DF45E72F25E8233000AC95E1 /* CAExchangeRepositoryProtocol.swift in Sources */ = {isa = PBXBuildFile; fileRef = DF45E72D25E8233000AC95E1 /* CAExchangeRepositoryProtocol.swift */; };
		DF45E73025E8233000AC95E1 /* CAExchangeRepositoryProtocol.swift in Sources */ = {isa = PBXBuildFile; fileRef = DF45E72D25E8233000AC95E1 /* CAExchangeRepositoryProtocol.swift */; };
		DF45E73725E8277500AC95E1 /* Currencies.plist in Resources */ = {isa = PBXBuildFile; fileRef = DF45E73625E8277500AC95E1 /* Currencies.plist */; };
		DF45E73825E8277500AC95E1 /* Currencies.plist in Resources */ = {isa = PBXBuildFile; fileRef = DF45E73625E8277500AC95E1 /* Currencies.plist */; };
		DF45E73925E8277500AC95E1 /* Currencies.plist in Resources */ = {isa = PBXBuildFile; fileRef = DF45E73625E8277500AC95E1 /* Currencies.plist */; };
		DF45E74125E82D7800AC95E1 /* CACurrency.swift in Sources */ = {isa = PBXBuildFile; fileRef = DF45E74025E82D7800AC95E1 /* CACurrency.swift */; };
		DF45E74225E82D7800AC95E1 /* CACurrency.swift in Sources */ = {isa = PBXBuildFile; fileRef = DF45E74025E82D7800AC95E1 /* CACurrency.swift */; };
		DF45E74325E82D7800AC95E1 /* CACurrency.swift in Sources */ = {isa = PBXBuildFile; fileRef = DF45E74025E82D7800AC95E1 /* CACurrency.swift */; };
		DF45E75025E82DFF00AC95E1 /* CAExchangeRepository.swift in Sources */ = {isa = PBXBuildFile; fileRef = DF45E74F25E82DFF00AC95E1 /* CAExchangeRepository.swift */; };
		DF45E75125E82DFF00AC95E1 /* CAExchangeRepository.swift in Sources */ = {isa = PBXBuildFile; fileRef = DF45E74F25E82DFF00AC95E1 /* CAExchangeRepository.swift */; };
		DF45E75225E82DFF00AC95E1 /* CAExchangeRepository.swift in Sources */ = {isa = PBXBuildFile; fileRef = DF45E74F25E82DFF00AC95E1 /* CAExchangeRepository.swift */; };
		DF45E75F25E82F9A00AC95E1 /* CAExtension.swift in Sources */ = {isa = PBXBuildFile; fileRef = DF45E75E25E82F9A00AC95E1 /* CAExtension.swift */; };
		DF45E76025E82F9A00AC95E1 /* CAExtension.swift in Sources */ = {isa = PBXBuildFile; fileRef = DF45E75E25E82F9A00AC95E1 /* CAExtension.swift */; };
		DF45E76125E82F9A00AC95E1 /* CAExtension.swift in Sources */ = {isa = PBXBuildFile; fileRef = DF45E75E25E82F9A00AC95E1 /* CAExtension.swift */; };
		DF45E76925E8305900AC95E1 /* CACurrencyModel.swift in Sources */ = {isa = PBXBuildFile; fileRef = DF45E76825E8305900AC95E1 /* CACurrencyModel.swift */; };
		DF45E76A25E8305900AC95E1 /* CACurrencyModel.swift in Sources */ = {isa = PBXBuildFile; fileRef = DF45E76825E8305900AC95E1 /* CACurrencyModel.swift */; };
		DF45E76B25E8305900AC95E1 /* CACurrencyModel.swift in Sources */ = {isa = PBXBuildFile; fileRef = DF45E76825E8305900AC95E1 /* CACurrencyModel.swift */; };
		DF45E77825E830DB00AC95E1 /* CAExchangeCurrencyUseCase.swift in Sources */ = {isa = PBXBuildFile; fileRef = DF45E77725E830DB00AC95E1 /* CAExchangeCurrencyUseCase.swift */; };
		DF45E77925E830DB00AC95E1 /* CAExchangeCurrencyUseCase.swift in Sources */ = {isa = PBXBuildFile; fileRef = DF45E77725E830DB00AC95E1 /* CAExchangeCurrencyUseCase.swift */; };
		DF45E77A25E830DB00AC95E1 /* CAExchangeCurrencyUseCase.swift in Sources */ = {isa = PBXBuildFile; fileRef = DF45E77725E830DB00AC95E1 /* CAExchangeCurrencyUseCase.swift */; };
		DF5CAF0725E7E4ED008DC3F2 /* AppDelegate.swift in Sources */ = {isa = PBXBuildFile; fileRef = DF5CAF0625E7E4ED008DC3F2 /* AppDelegate.swift */; };
		DF5CAF0925E7E4ED008DC3F2 /* SceneDelegate.swift in Sources */ = {isa = PBXBuildFile; fileRef = DF5CAF0825E7E4ED008DC3F2 /* SceneDelegate.swift */; };
		DF5CAF0B25E7E4ED008DC3F2 /* ViewController.swift in Sources */ = {isa = PBXBuildFile; fileRef = DF5CAF0A25E7E4ED008DC3F2 /* ViewController.swift */; };
		DF5CAF0E25E7E4ED008DC3F2 /* Exchange.storyboard in Resources */ = {isa = PBXBuildFile; fileRef = DF5CAF0C25E7E4ED008DC3F2 /* Exchange.storyboard */; };
		DF5CAF1025E7E4EE008DC3F2 /* Assets.xcassets in Resources */ = {isa = PBXBuildFile; fileRef = DF5CAF0F25E7E4EE008DC3F2 /* Assets.xcassets */; };
		DF5CAF1325E7E4EE008DC3F2 /* LaunchScreen.storyboard in Resources */ = {isa = PBXBuildFile; fileRef = DF5CAF1125E7E4EE008DC3F2 /* LaunchScreen.storyboard */; };
		DF5CAF1E25E7E4EE008DC3F2 /* Currency_AppTests.swift in Sources */ = {isa = PBXBuildFile; fileRef = DF5CAF1D25E7E4EE008DC3F2 /* Currency_AppTests.swift */; };
		DF5CAF2925E7E4EE008DC3F2 /* Currency_AppUITests.swift in Sources */ = {isa = PBXBuildFile; fileRef = DF5CAF2825E7E4EE008DC3F2 /* Currency_AppUITests.swift */; };
		DF5CAF4225E7E64F008DC3F2 /* ViewController.swift in Sources */ = {isa = PBXBuildFile; fileRef = DF5CAF0A25E7E4ED008DC3F2 /* ViewController.swift */; };
		DF5CAF4325E7E64F008DC3F2 /* AppDelegate.swift in Sources */ = {isa = PBXBuildFile; fileRef = DF5CAF0625E7E4ED008DC3F2 /* AppDelegate.swift */; };
		DF5CAF4425E7E64F008DC3F2 /* SceneDelegate.swift in Sources */ = {isa = PBXBuildFile; fileRef = DF5CAF0825E7E4ED008DC3F2 /* SceneDelegate.swift */; };
		DF5CAF4725E7E64F008DC3F2 /* LaunchScreen.storyboard in Resources */ = {isa = PBXBuildFile; fileRef = DF5CAF1125E7E4EE008DC3F2 /* LaunchScreen.storyboard */; };
		DF5CAF4825E7E64F008DC3F2 /* Assets.xcassets in Resources */ = {isa = PBXBuildFile; fileRef = DF5CAF0F25E7E4EE008DC3F2 /* Assets.xcassets */; };
		DF5CAF4925E7E64F008DC3F2 /* Exchange.storyboard in Resources */ = {isa = PBXBuildFile; fileRef = DF5CAF0C25E7E4ED008DC3F2 /* Exchange.storyboard */; };
		DF5CAF5C25E7E655008DC3F2 /* ViewController.swift in Sources */ = {isa = PBXBuildFile; fileRef = DF5CAF0A25E7E4ED008DC3F2 /* ViewController.swift */; };
		DF5CAF5D25E7E655008DC3F2 /* AppDelegate.swift in Sources */ = {isa = PBXBuildFile; fileRef = DF5CAF0625E7E4ED008DC3F2 /* AppDelegate.swift */; };
		DF5CAF5E25E7E655008DC3F2 /* SceneDelegate.swift in Sources */ = {isa = PBXBuildFile; fileRef = DF5CAF0825E7E4ED008DC3F2 /* SceneDelegate.swift */; };
		DF5CAF6125E7E655008DC3F2 /* LaunchScreen.storyboard in Resources */ = {isa = PBXBuildFile; fileRef = DF5CAF1125E7E4EE008DC3F2 /* LaunchScreen.storyboard */; };
		DF5CAF6225E7E655008DC3F2 /* Assets.xcassets in Resources */ = {isa = PBXBuildFile; fileRef = DF5CAF0F25E7E4EE008DC3F2 /* Assets.xcassets */; };
		DF5CAF6325E7E655008DC3F2 /* Exchange.storyboard in Resources */ = {isa = PBXBuildFile; fileRef = DF5CAF0C25E7E4ED008DC3F2 /* Exchange.storyboard */; };
		DF5CAF6E25E7E708008DC3F2 /* Info Dev.plist in Resources */ = {isa = PBXBuildFile; fileRef = DF5CAF6D25E7E708008DC3F2 /* Info Dev.plist */; };
		DF5CAF7525E7E712008DC3F2 /* Info UAT.plist in Resources */ = {isa = PBXBuildFile; fileRef = DF5CAF7425E7E712008DC3F2 /* Info UAT.plist */; };
		DF5CAFA825E7FBCC008DC3F2 /* Localizable.strings in Resources */ = {isa = PBXBuildFile; fileRef = DF5CAFAC25E7FBCC008DC3F2 /* Localizable.strings */; };
		DF5CAFA925E7FBCC008DC3F2 /* Localizable.strings in Resources */ = {isa = PBXBuildFile; fileRef = DF5CAFAC25E7FBCC008DC3F2 /* Localizable.strings */; };
		DF5CAFAA25E7FBCC008DC3F2 /* Localizable.strings in Resources */ = {isa = PBXBuildFile; fileRef = DF5CAFAC25E7FBCC008DC3F2 /* Localizable.strings */; };
		DF5CAFC025E81A0C008DC3F2 /* CAKeys.swift in Sources */ = {isa = PBXBuildFile; fileRef = DF5CAFBF25E81A0C008DC3F2 /* CAKeys.swift */; };
		DF5CAFC125E81A0C008DC3F2 /* CAKeys.swift in Sources */ = {isa = PBXBuildFile; fileRef = DF5CAFBF25E81A0C008DC3F2 /* CAKeys.swift */; };
		DF5CAFC225E81A0C008DC3F2 /* CAKeys.swift in Sources */ = {isa = PBXBuildFile; fileRef = DF5CAFBF25E81A0C008DC3F2 /* CAKeys.swift */; };
/* End PBXBuildFile section */

/* Begin PBXContainerItemProxy section */
		DF5CAF1A25E7E4EE008DC3F2 /* PBXContainerItemProxy */ = {
			isa = PBXContainerItemProxy;
			containerPortal = DF5CAEFB25E7E4EC008DC3F2 /* Project object */;
			proxyType = 1;
			remoteGlobalIDString = DF5CAF0225E7E4EC008DC3F2;
			remoteInfo = "Currency App";
		};
		DF5CAF2525E7E4EE008DC3F2 /* PBXContainerItemProxy */ = {
			isa = PBXContainerItemProxy;
			containerPortal = DF5CAEFB25E7E4EC008DC3F2 /* Project object */;
			proxyType = 1;
			remoteGlobalIDString = DF5CAF0225E7E4EC008DC3F2;
			remoteInfo = "Currency App";
		};
/* End PBXContainerItemProxy section */

/* Begin PBXFileReference section */
		DF45E72D25E8233000AC95E1 /* CAExchangeRepositoryProtocol.swift */ = {isa = PBXFileReference; lastKnownFileType = sourcecode.swift; path = CAExchangeRepositoryProtocol.swift; sourceTree = "<group>"; };
		DF45E73625E8277500AC95E1 /* Currencies.plist */ = {isa = PBXFileReference; lastKnownFileType = text.plist.xml; path = Currencies.plist; sourceTree = "<group>"; };
		DF45E74025E82D7800AC95E1 /* CACurrency.swift */ = {isa = PBXFileReference; lastKnownFileType = sourcecode.swift; path = CACurrency.swift; sourceTree = "<group>"; };
		DF45E74F25E82DFF00AC95E1 /* CAExchangeRepository.swift */ = {isa = PBXFileReference; lastKnownFileType = sourcecode.swift; path = CAExchangeRepository.swift; sourceTree = "<group>"; };
		DF45E75E25E82F9A00AC95E1 /* CAExtension.swift */ = {isa = PBXFileReference; lastKnownFileType = sourcecode.swift; path = CAExtension.swift; sourceTree = "<group>"; };
		DF45E76825E8305900AC95E1 /* CACurrencyModel.swift */ = {isa = PBXFileReference; lastKnownFileType = sourcecode.swift; path = CACurrencyModel.swift; sourceTree = "<group>"; };
		DF45E77725E830DB00AC95E1 /* CAExchangeCurrencyUseCase.swift */ = {isa = PBXFileReference; lastKnownFileType = sourcecode.swift; path = CAExchangeCurrencyUseCase.swift; sourceTree = "<group>"; };
		DF5CAF0325E7E4EC008DC3F2 /* Currency App.app */ = {isa = PBXFileReference; explicitFileType = wrapper.application; includeInIndex = 0; path = "Currency App.app"; sourceTree = BUILT_PRODUCTS_DIR; };
		DF5CAF0625E7E4ED008DC3F2 /* AppDelegate.swift */ = {isa = PBXFileReference; lastKnownFileType = sourcecode.swift; path = AppDelegate.swift; sourceTree = "<group>"; };
		DF5CAF0825E7E4ED008DC3F2 /* SceneDelegate.swift */ = {isa = PBXFileReference; lastKnownFileType = sourcecode.swift; path = SceneDelegate.swift; sourceTree = "<group>"; };
		DF5CAF0A25E7E4ED008DC3F2 /* ViewController.swift */ = {isa = PBXFileReference; lastKnownFileType = sourcecode.swift; path = ViewController.swift; sourceTree = "<group>"; };
		DF5CAF0D25E7E4ED008DC3F2 /* Base */ = {isa = PBXFileReference; lastKnownFileType = file.storyboard; name = Base; path = Base.lproj/Exchange.storyboard; sourceTree = "<group>"; };
		DF5CAF0F25E7E4EE008DC3F2 /* Assets.xcassets */ = {isa = PBXFileReference; lastKnownFileType = folder.assetcatalog; path = Assets.xcassets; sourceTree = "<group>"; };
		DF5CAF1225E7E4EE008DC3F2 /* Base */ = {isa = PBXFileReference; lastKnownFileType = file.storyboard; name = Base; path = Base.lproj/LaunchScreen.storyboard; sourceTree = "<group>"; };
		DF5CAF1425E7E4EE008DC3F2 /* Info.plist */ = {isa = PBXFileReference; lastKnownFileType = text.plist.xml; path = Info.plist; sourceTree = "<group>"; };
		DF5CAF1925E7E4EE008DC3F2 /* Currency AppTests.xctest */ = {isa = PBXFileReference; explicitFileType = wrapper.cfbundle; includeInIndex = 0; path = "Currency AppTests.xctest"; sourceTree = BUILT_PRODUCTS_DIR; };
		DF5CAF1D25E7E4EE008DC3F2 /* Currency_AppTests.swift */ = {isa = PBXFileReference; lastKnownFileType = sourcecode.swift; path = Currency_AppTests.swift; sourceTree = "<group>"; };
		DF5CAF1F25E7E4EE008DC3F2 /* Info.plist */ = {isa = PBXFileReference; lastKnownFileType = text.plist.xml; path = Info.plist; sourceTree = "<group>"; };
		DF5CAF2425E7E4EE008DC3F2 /* Currency AppUITests.xctest */ = {isa = PBXFileReference; explicitFileType = wrapper.cfbundle; includeInIndex = 0; path = "Currency AppUITests.xctest"; sourceTree = BUILT_PRODUCTS_DIR; };
		DF5CAF2825E7E4EE008DC3F2 /* Currency_AppUITests.swift */ = {isa = PBXFileReference; lastKnownFileType = sourcecode.swift; path = Currency_AppUITests.swift; sourceTree = "<group>"; };
		DF5CAF2A25E7E4EE008DC3F2 /* Info.plist */ = {isa = PBXFileReference; lastKnownFileType = text.plist.xml; path = Info.plist; sourceTree = "<group>"; };
		DF5CAF4D25E7E64F008DC3F2 /* Currency App UAT.app */ = {isa = PBXFileReference; explicitFileType = wrapper.application; includeInIndex = 0; path = "Currency App UAT.app"; sourceTree = BUILT_PRODUCTS_DIR; };
		DF5CAF6725E7E655008DC3F2 /* Currency App Dev.app */ = {isa = PBXFileReference; explicitFileType = wrapper.application; includeInIndex = 0; path = "Currency App Dev.app"; sourceTree = BUILT_PRODUCTS_DIR; };
		DF5CAF6D25E7E708008DC3F2 /* Info Dev.plist */ = {isa = PBXFileReference; fileEncoding = 4; lastKnownFileType = text.plist.xml; path = "Info Dev.plist"; sourceTree = "<group>"; };
		DF5CAF7425E7E712008DC3F2 /* Info UAT.plist */ = {isa = PBXFileReference; fileEncoding = 4; lastKnownFileType = text.plist.xml; path = "Info UAT.plist"; sourceTree = "<group>"; };
		DF5CAF9325E7FBA1008DC3F2 /* es-419 */ = {isa = PBXFileReference; lastKnownFileType = text.plist.strings; name = "es-419"; path = "es-419.lproj/LaunchScreen.strings"; sourceTree = "<group>"; };
		DF5CAF9925E7FBA1008DC3F2 /* es-419 */ = {isa = PBXFileReference; lastKnownFileType = text.plist.strings; name = "es-419"; path = "es-419.lproj/Exchange.strings"; sourceTree = "<group>"; };
		DF5CAFAB25E7FBCC008DC3F2 /* en */ = {isa = PBXFileReference; lastKnownFileType = text.plist.strings; name = en; path = en.lproj/Localizable.strings; sourceTree = "<group>"; };
		DF5CAFB225E7FBCF008DC3F2 /* es-419 */ = {isa = PBXFileReference; lastKnownFileType = text.plist.strings; name = "es-419"; path = "es-419.lproj/Localizable.strings"; sourceTree = "<group>"; };
		DF5CAFBF25E81A0C008DC3F2 /* CAKeys.swift */ = {isa = PBXFileReference; lastKnownFileType = sourcecode.swift; path = CAKeys.swift; sourceTree = "<group>"; };
/* End PBXFileReference section */

/* Begin PBXFrameworksBuildPhase section */
		DF5CAF0025E7E4EC008DC3F2 /* Frameworks */ = {
			isa = PBXFrameworksBuildPhase;
			buildActionMask = 2147483647;
			files = (
			);
			runOnlyForDeploymentPostprocessing = 0;
		};
		DF5CAF1625E7E4EE008DC3F2 /* Frameworks */ = {
			isa = PBXFrameworksBuildPhase;
			buildActionMask = 2147483647;
			files = (
			);
			runOnlyForDeploymentPostprocessing = 0;
		};
		DF5CAF2125E7E4EE008DC3F2 /* Frameworks */ = {
			isa = PBXFrameworksBuildPhase;
			buildActionMask = 2147483647;
			files = (
			);
			runOnlyForDeploymentPostprocessing = 0;
		};
		DF5CAF4525E7E64F008DC3F2 /* Frameworks */ = {
			isa = PBXFrameworksBuildPhase;
			buildActionMask = 2147483647;
			files = (
			);
			runOnlyForDeploymentPostprocessing = 0;
		};
		DF5CAF5F25E7E655008DC3F2 /* Frameworks */ = {
			isa = PBXFrameworksBuildPhase;
			buildActionMask = 2147483647;
			files = (
			);
			runOnlyForDeploymentPostprocessing = 0;
		};
/* End PBXFrameworksBuildPhase section */

/* Begin PBXGroup section */
		DF45E72C25E8231200AC95E1 /* Exchange */ = {
			isa = PBXGroup;
			children = (
				DF45E72D25E8233000AC95E1 /* CAExchangeRepositoryProtocol.swift */,
			);
			path = Exchange;
			sourceTree = "<group>";
		};
		DF45E73F25E82D6900AC95E1 /* Exchange */ = {
			isa = PBXGroup;
			children = (
				DF45E74025E82D7800AC95E1 /* CACurrency.swift */,
			);
			path = Exchange;
			sourceTree = "<group>";
		};
		DF45E74E25E82DE600AC95E1 /* Exchange */ = {
			isa = PBXGroup;
			children = (
				DF45E74F25E82DFF00AC95E1 /* CAExchangeRepository.swift */,
			);
			path = Exchange;
			sourceTree = "<group>";
		};
		DF45E76725E8304300AC95E1 /* Exchange */ = {
			isa = PBXGroup;
			children = (
				DF45E76825E8305900AC95E1 /* CACurrencyModel.swift */,
			);
			path = Exchange;
			sourceTree = "<group>";
		};
		DF45E77625E830CA00AC95E1 /* Exchange */ = {
			isa = PBXGroup;
			children = (
				DF45E77725E830DB00AC95E1 /* CAExchangeCurrencyUseCase.swift */,
			);
			path = Exchange;
			sourceTree = "<group>";
		};
		DF5CAEFA25E7E4EC008DC3F2 = {
			isa = PBXGroup;
			children = (
				DF5CAF0525E7E4EC008DC3F2 /* Currency App */,
				DF5CAF1C25E7E4EE008DC3F2 /* Currency AppTests */,
				DF5CAF2725E7E4EE008DC3F2 /* Currency AppUITests */,
				DF5CAF0425E7E4EC008DC3F2 /* Products */,
			);
			sourceTree = "<group>";
		};
		DF5CAF0425E7E4EC008DC3F2 /* Products */ = {
			isa = PBXGroup;
			children = (
				DF5CAF0325E7E4EC008DC3F2 /* Currency App.app */,
				DF5CAF1925E7E4EE008DC3F2 /* Currency AppTests.xctest */,
				DF5CAF2425E7E4EE008DC3F2 /* Currency AppUITests.xctest */,
				DF5CAF4D25E7E64F008DC3F2 /* Currency App UAT.app */,
				DF5CAF6725E7E655008DC3F2 /* Currency App Dev.app */,
			);
			name = Products;
			sourceTree = "<group>";
		};
		DF5CAF0525E7E4EC008DC3F2 /* Currency App */ = {
			isa = PBXGroup;
			children = (
				DF5CAF3E25E7E54C008DC3F2 /* Domain */,
				DF5CAF3D25E7E547008DC3F2 /* Data */,
				DF5CAF3C25E7E541008DC3F2 /* Presentation */,
				DF5CAF3F25E7E553008DC3F2 /* Supporting Files */,
				DF5CAF8025E7E83D008DC3F2 /* Resources */,
			);
			path = "Currency App";
			sourceTree = "<group>";
		};
		DF5CAF1C25E7E4EE008DC3F2 /* Currency AppTests */ = {
			isa = PBXGroup;
			children = (
				DF5CAF1D25E7E4EE008DC3F2 /* Currency_AppTests.swift */,
				DF5CAF1F25E7E4EE008DC3F2 /* Info.plist */,
			);
			path = "Currency AppTests";
			sourceTree = "<group>";
		};
		DF5CAF2725E7E4EE008DC3F2 /* Currency AppUITests */ = {
			isa = PBXGroup;
			children = (
				DF5CAF2825E7E4EE008DC3F2 /* Currency_AppUITests.swift */,
				DF5CAF2A25E7E4EE008DC3F2 /* Info.plist */,
			);
			path = "Currency AppUITests";
			sourceTree = "<group>";
		};
		DF5CAF3C25E7E541008DC3F2 /* Presentation */ = {
			isa = PBXGroup;
			children = (
				DF5CAF8825E7FA6A008DC3F2 /* View */,
				DF5CAF8725E7FA62008DC3F2 /* UI */,
				DF5CAF8625E7FA5B008DC3F2 /* Support */,
			);
			path = Presentation;
			sourceTree = "<group>";
		};
		DF5CAF3D25E7E547008DC3F2 /* Data */ = {
			isa = PBXGroup;
			children = (
				DF5CAFB625E7FCC3008DC3F2 /* Util */,
				DF5CAFB525E7FCBC008DC3F2 /* DataSource */,
				DF5CAFB425E7FCB7008DC3F2 /* Model */,
				DF5CAFB325E7FCAA008DC3F2 /* Repository */,
			);
			path = Data;
			sourceTree = "<group>";
		};
		DF5CAF3E25E7E54C008DC3F2 /* Domain */ = {
			isa = PBXGroup;
			children = (
				DF5CAFB925E7FD2E008DC3F2 /* UseCase */,
				DF5CAFB825E7FD27008DC3F2 /* Model */,
				DF5CAFB725E7FD1F008DC3F2 /* Repository */,
			);
			path = Domain;
			sourceTree = "<group>";
		};
		DF5CAF3F25E7E553008DC3F2 /* Supporting Files */ = {
			isa = PBXGroup;
			children = (
				DF5CAF7425E7E712008DC3F2 /* Info UAT.plist */,
				DF5CAF6D25E7E708008DC3F2 /* Info Dev.plist */,
				DF5CAF1425E7E4EE008DC3F2 /* Info.plist */,
				DF5CAFAC25E7FBCC008DC3F2 /* Localizable.strings */,
				DF45E73625E8277500AC95E1 /* Currencies.plist */,
			);
			path = "Supporting Files";
			sourceTree = "<group>";
		};
		DF5CAF8025E7E83D008DC3F2 /* Resources */ = {
			isa = PBXGroup;
			children = (
				DF5CAF0F25E7E4EE008DC3F2 /* Assets.xcassets */,
			);
			path = Resources;
			sourceTree = "<group>";
		};
		DF5CAF8625E7FA5B008DC3F2 /* Support */ = {
			isa = PBXGroup;
			children = (
				DF5CAF0625E7E4ED008DC3F2 /* AppDelegate.swift */,
				DF5CAF0825E7E4ED008DC3F2 /* SceneDelegate.swift */,
			);
			path = Support;
			sourceTree = "<group>";
		};
		DF5CAF8725E7FA62008DC3F2 /* UI */ = {
			isa = PBXGroup;
			children = (
				DF5CAF1125E7E4EE008DC3F2 /* LaunchScreen.storyboard */,
				DF5CAF0C25E7E4ED008DC3F2 /* Exchange.storyboard */,
			);
			path = UI;
			sourceTree = "<group>";
		};
		DF5CAF8825E7FA6A008DC3F2 /* View */ = {
			isa = PBXGroup;
			children = (
				DF5CAF0A25E7E4ED008DC3F2 /* ViewController.swift */,
			);
			path = View;
			sourceTree = "<group>";
		};
		DF5CAFB325E7FCAA008DC3F2 /* Repository */ = {
			isa = PBXGroup;
			children = (
				DF45E74E25E82DE600AC95E1 /* Exchange */,
			);
			path = Repository;
			sourceTree = "<group>";
		};
		DF5CAFB425E7FCB7008DC3F2 /* Model */ = {
			isa = PBXGroup;
			children = (
				DF45E73F25E82D6900AC95E1 /* Exchange */,
			);
			path = Model;
			sourceTree = "<group>";
		};
		DF5CAFB525E7FCBC008DC3F2 /* DataSource */ = {
			isa = PBXGroup;
			children = (
			);
			path = DataSource;
			sourceTree = "<group>";
		};
		DF5CAFB625E7FCC3008DC3F2 /* Util */ = {
			isa = PBXGroup;
			children = (
				DF5CAFBF25E81A0C008DC3F2 /* CAKeys.swift */,
				DF45E75E25E82F9A00AC95E1 /* CAExtension.swift */,
			);
			path = Util;
			sourceTree = "<group>";
		};
		DF5CAFB725E7FD1F008DC3F2 /* Repository */ = {
			isa = PBXGroup;
			children = (
				DF45E72C25E8231200AC95E1 /* Exchange */,
			);
			path = Repository;
			sourceTree = "<group>";
		};
		DF5CAFB825E7FD27008DC3F2 /* Model */ = {
			isa = PBXGroup;
			children = (
				DF45E76725E8304300AC95E1 /* Exchange */,
			);
			path = Model;
			sourceTree = "<group>";
		};
		DF5CAFB925E7FD2E008DC3F2 /* UseCase */ = {
			isa = PBXGroup;
			children = (
				DF45E77625E830CA00AC95E1 /* Exchange */,
			);
			path = UseCase;
			sourceTree = "<group>";
		};
/* End PBXGroup section */

/* Begin PBXNativeTarget section */
		DF5CAF0225E7E4EC008DC3F2 /* Currency App */ = {
			isa = PBXNativeTarget;
			buildConfigurationList = DF5CAF2D25E7E4EE008DC3F2 /* Build configuration list for PBXNativeTarget "Currency App" */;
			buildPhases = (
				DF5CAEFF25E7E4EC008DC3F2 /* Sources */,
				DF5CAF0025E7E4EC008DC3F2 /* Frameworks */,
				DF5CAF0125E7E4EC008DC3F2 /* Resources */,
			);
			buildRules = (
			);
			dependencies = (
			);
			name = "Currency App";
			productName = "Currency App";
			productReference = DF5CAF0325E7E4EC008DC3F2 /* Currency App.app */;
			productType = "com.apple.product-type.application";
		};
		DF5CAF1825E7E4EE008DC3F2 /* Currency AppTests */ = {
			isa = PBXNativeTarget;
			buildConfigurationList = DF5CAF3025E7E4EE008DC3F2 /* Build configuration list for PBXNativeTarget "Currency AppTests" */;
			buildPhases = (
				DF5CAF1525E7E4EE008DC3F2 /* Sources */,
				DF5CAF1625E7E4EE008DC3F2 /* Frameworks */,
				DF5CAF1725E7E4EE008DC3F2 /* Resources */,
			);
			buildRules = (
			);
			dependencies = (
				DF5CAF1B25E7E4EE008DC3F2 /* PBXTargetDependency */,
			);
			name = "Currency AppTests";
			productName = "Currency AppTests";
			productReference = DF5CAF1925E7E4EE008DC3F2 /* Currency AppTests.xctest */;
			productType = "com.apple.product-type.bundle.unit-test";
		};
		DF5CAF2325E7E4EE008DC3F2 /* Currency AppUITests */ = {
			isa = PBXNativeTarget;
			buildConfigurationList = DF5CAF3325E7E4EE008DC3F2 /* Build configuration list for PBXNativeTarget "Currency AppUITests" */;
			buildPhases = (
				DF5CAF2025E7E4EE008DC3F2 /* Sources */,
				DF5CAF2125E7E4EE008DC3F2 /* Frameworks */,
				DF5CAF2225E7E4EE008DC3F2 /* Resources */,
			);
			buildRules = (
			);
			dependencies = (
				DF5CAF2625E7E4EE008DC3F2 /* PBXTargetDependency */,
			);
			name = "Currency AppUITests";
			productName = "Currency AppUITests";
			productReference = DF5CAF2425E7E4EE008DC3F2 /* Currency AppUITests.xctest */;
			productType = "com.apple.product-type.bundle.ui-testing";
		};
		DF5CAF4025E7E64F008DC3F2 /* Currency App UAT */ = {
			isa = PBXNativeTarget;
			buildConfigurationList = DF5CAF4A25E7E64F008DC3F2 /* Build configuration list for PBXNativeTarget "Currency App UAT" */;
			buildPhases = (
				DF5CAF4125E7E64F008DC3F2 /* Sources */,
				DF5CAF4525E7E64F008DC3F2 /* Frameworks */,
				DF5CAF4625E7E64F008DC3F2 /* Resources */,
			);
			buildRules = (
			);
			dependencies = (
			);
			name = "Currency App UAT";
			productName = "Currency App";
			productReference = DF5CAF4D25E7E64F008DC3F2 /* Currency App UAT.app */;
			productType = "com.apple.product-type.application";
		};
		DF5CAF5A25E7E655008DC3F2 /* Currency App Dev */ = {
			isa = PBXNativeTarget;
			buildConfigurationList = DF5CAF6425E7E655008DC3F2 /* Build configuration list for PBXNativeTarget "Currency App Dev" */;
			buildPhases = (
				DF5CAF5B25E7E655008DC3F2 /* Sources */,
				DF5CAF5F25E7E655008DC3F2 /* Frameworks */,
				DF5CAF6025E7E655008DC3F2 /* Resources */,
			);
			buildRules = (
			);
			dependencies = (
			);
			name = "Currency App Dev";
			productName = "Currency App";
			productReference = DF5CAF6725E7E655008DC3F2 /* Currency App Dev.app */;
			productType = "com.apple.product-type.application";
		};
/* End PBXNativeTarget section */

/* Begin PBXProject section */
		DF5CAEFB25E7E4EC008DC3F2 /* Project object */ = {
			isa = PBXProject;
			attributes = {
				LastSwiftUpdateCheck = 1240;
				LastUpgradeCheck = 1240;
				TargetAttributes = {
					DF5CAF0225E7E4EC008DC3F2 = {
						CreatedOnToolsVersion = 12.4;
					};
					DF5CAF1825E7E4EE008DC3F2 = {
						CreatedOnToolsVersion = 12.4;
						TestTargetID = DF5CAF0225E7E4EC008DC3F2;
					};
					DF5CAF2325E7E4EE008DC3F2 = {
						CreatedOnToolsVersion = 12.4;
						TestTargetID = DF5CAF0225E7E4EC008DC3F2;
					};
				};
			};
			buildConfigurationList = DF5CAEFE25E7E4EC008DC3F2 /* Build configuration list for PBXProject "Currency App" */;
			compatibilityVersion = "Xcode 9.3";
			developmentRegion = en;
			hasScannedForEncodings = 0;
			knownRegions = (
				en,
				Base,
				"es-419",
			);
			mainGroup = DF5CAEFA25E7E4EC008DC3F2;
			productRefGroup = DF5CAF0425E7E4EC008DC3F2 /* Products */;
			projectDirPath = "";
			projectRoot = "";
			targets = (
				DF5CAF0225E7E4EC008DC3F2 /* Currency App */,
				DF5CAF4025E7E64F008DC3F2 /* Currency App UAT */,
				DF5CAF5A25E7E655008DC3F2 /* Currency App Dev */,
				DF5CAF1825E7E4EE008DC3F2 /* Currency AppTests */,
				DF5CAF2325E7E4EE008DC3F2 /* Currency AppUITests */,
			);
		};
/* End PBXProject section */

/* Begin PBXResourcesBuildPhase section */
		DF5CAF0125E7E4EC008DC3F2 /* Resources */ = {
			isa = PBXResourcesBuildPhase;
			buildActionMask = 2147483647;
			files = (
				DF45E73725E8277500AC95E1 /* Currencies.plist in Resources */,
				DF5CAF1325E7E4EE008DC3F2 /* LaunchScreen.storyboard in Resources */,
				DF5CAFA825E7FBCC008DC3F2 /* Localizable.strings in Resources */,
				DF5CAF1025E7E4EE008DC3F2 /* Assets.xcassets in Resources */,
				DF5CAF0E25E7E4ED008DC3F2 /* Exchange.storyboard in Resources */,
			);
			runOnlyForDeploymentPostprocessing = 0;
		};
		DF5CAF1725E7E4EE008DC3F2 /* Resources */ = {
			isa = PBXResourcesBuildPhase;
			buildActionMask = 2147483647;
			files = (
			);
			runOnlyForDeploymentPostprocessing = 0;
		};
		DF5CAF2225E7E4EE008DC3F2 /* Resources */ = {
			isa = PBXResourcesBuildPhase;
			buildActionMask = 2147483647;
			files = (
			);
			runOnlyForDeploymentPostprocessing = 0;
		};
		DF5CAF4625E7E64F008DC3F2 /* Resources */ = {
			isa = PBXResourcesBuildPhase;
			buildActionMask = 2147483647;
			files = (
				DF5CAFA925E7FBCC008DC3F2 /* Localizable.strings in Resources */,
				DF5CAF4725E7E64F008DC3F2 /* LaunchScreen.storyboard in Resources */,
				DF5CAF4825E7E64F008DC3F2 /* Assets.xcassets in Resources */,
				DF5CAF7525E7E712008DC3F2 /* Info UAT.plist in Resources */,
				DF5CAF4925E7E64F008DC3F2 /* Exchange.storyboard in Resources */,
				DF45E73825E8277500AC95E1 /* Currencies.plist in Resources */,
			);
			runOnlyForDeploymentPostprocessing = 0;
		};
		DF5CAF6025E7E655008DC3F2 /* Resources */ = {
			isa = PBXResourcesBuildPhase;
			buildActionMask = 2147483647;
			files = (
				DF5CAFAA25E7FBCC008DC3F2 /* Localizable.strings in Resources */,
				DF5CAF6125E7E655008DC3F2 /* LaunchScreen.storyboard in Resources */,
				DF5CAF6225E7E655008DC3F2 /* Assets.xcassets in Resources */,
				DF5CAF6325E7E655008DC3F2 /* Exchange.storyboard in Resources */,
				DF5CAF6E25E7E708008DC3F2 /* Info Dev.plist in Resources */,
				DF45E73925E8277500AC95E1 /* Currencies.plist in Resources */,
			);
			runOnlyForDeploymentPostprocessing = 0;
		};
/* End PBXResourcesBuildPhase section */

/* Begin PBXSourcesBuildPhase section */
		DF5CAEFF25E7E4EC008DC3F2 /* Sources */ = {
			isa = PBXSourcesBuildPhase;
			buildActionMask = 2147483647;
			files = (
				DF45E72E25E8233000AC95E1 /* CAExchangeRepositoryProtocol.swift in Sources */,
				DF5CAF0B25E7E4ED008DC3F2 /* ViewController.swift in Sources */,
				DF5CAF0725E7E4ED008DC3F2 /* AppDelegate.swift in Sources */,
				DF5CAF0925E7E4ED008DC3F2 /* SceneDelegate.swift in Sources */,
				DF45E74125E82D7800AC95E1 /* CACurrency.swift in Sources */,
				DF45E75F25E82F9A00AC95E1 /* CAExtension.swift in Sources */,
				DF5CAFC025E81A0C008DC3F2 /* CAKeys.swift in Sources */,
				DF45E76925E8305900AC95E1 /* CACurrencyModel.swift in Sources */,
				DF45E75025E82DFF00AC95E1 /* CAExchangeRepository.swift in Sources */,
				DF45E77825E830DB00AC95E1 /* CAExchangeCurrencyUseCase.swift in Sources */,
			);
			runOnlyForDeploymentPostprocessing = 0;
		};
		DF5CAF1525E7E4EE008DC3F2 /* Sources */ = {
			isa = PBXSourcesBuildPhase;
			buildActionMask = 2147483647;
			files = (
				DF5CAF1E25E7E4EE008DC3F2 /* Currency_AppTests.swift in Sources */,
			);
			runOnlyForDeploymentPostprocessing = 0;
		};
		DF5CAF2025E7E4EE008DC3F2 /* Sources */ = {
			isa = PBXSourcesBuildPhase;
			buildActionMask = 2147483647;
			files = (
				DF5CAF2925E7E4EE008DC3F2 /* Currency_AppUITests.swift in Sources */,
			);
			runOnlyForDeploymentPostprocessing = 0;
		};
		DF5CAF4125E7E64F008DC3F2 /* Sources */ = {
			isa = PBXSourcesBuildPhase;
			buildActionMask = 2147483647;
			files = (
				DF45E72F25E8233000AC95E1 /* CAExchangeRepositoryProtocol.swift in Sources */,
				DF5CAF4225E7E64F008DC3F2 /* ViewController.swift in Sources */,
				DF5CAF4325E7E64F008DC3F2 /* AppDelegate.swift in Sources */,
				DF5CAF4425E7E64F008DC3F2 /* SceneDelegate.swift in Sources */,
				DF45E74225E82D7800AC95E1 /* CACurrency.swift in Sources */,
				DF45E76025E82F9A00AC95E1 /* CAExtension.swift in Sources */,
				DF5CAFC125E81A0C008DC3F2 /* CAKeys.swift in Sources */,
				DF45E76A25E8305900AC95E1 /* CACurrencyModel.swift in Sources */,
				DF45E75125E82DFF00AC95E1 /* CAExchangeRepository.swift in Sources */,
				DF45E77925E830DB00AC95E1 /* CAExchangeCurrencyUseCase.swift in Sources */,
			);
			runOnlyForDeploymentPostprocessing = 0;
		};
		DF5CAF5B25E7E655008DC3F2 /* Sources */ = {
			isa = PBXSourcesBuildPhase;
			buildActionMask = 2147483647;
			files = (
				DF45E73025E8233000AC95E1 /* CAExchangeRepositoryProtocol.swift in Sources */,
				DF5CAF5C25E7E655008DC3F2 /* ViewController.swift in Sources */,
				DF5CAF5D25E7E655008DC3F2 /* AppDelegate.swift in Sources */,
				DF5CAF5E25E7E655008DC3F2 /* SceneDelegate.swift in Sources */,
				DF45E74325E82D7800AC95E1 /* CACurrency.swift in Sources */,
				DF45E76125E82F9A00AC95E1 /* CAExtension.swift in Sources */,
				DF5CAFC225E81A0C008DC3F2 /* CAKeys.swift in Sources */,
				DF45E76B25E8305900AC95E1 /* CACurrencyModel.swift in Sources */,
				DF45E75225E82DFF00AC95E1 /* CAExchangeRepository.swift in Sources */,
				DF45E77A25E830DB00AC95E1 /* CAExchangeCurrencyUseCase.swift in Sources */,
			);
			runOnlyForDeploymentPostprocessing = 0;
		};
/* End PBXSourcesBuildPhase section */

/* Begin PBXTargetDependency section */
		DF5CAF1B25E7E4EE008DC3F2 /* PBXTargetDependency */ = {
			isa = PBXTargetDependency;
			target = DF5CAF0225E7E4EC008DC3F2 /* Currency App */;
			targetProxy = DF5CAF1A25E7E4EE008DC3F2 /* PBXContainerItemProxy */;
		};
		DF5CAF2625E7E4EE008DC3F2 /* PBXTargetDependency */ = {
			isa = PBXTargetDependency;
			target = DF5CAF0225E7E4EC008DC3F2 /* Currency App */;
			targetProxy = DF5CAF2525E7E4EE008DC3F2 /* PBXContainerItemProxy */;
		};
/* End PBXTargetDependency section */

/* Begin PBXVariantGroup section */
		DF5CAF0C25E7E4ED008DC3F2 /* Exchange.storyboard */ = {
			isa = PBXVariantGroup;
			children = (
				DF5CAF0D25E7E4ED008DC3F2 /* Base */,
				DF5CAF9925E7FBA1008DC3F2 /* es-419 */,
			);
			name = Exchange.storyboard;
			sourceTree = "<group>";
		};
		DF5CAF1125E7E4EE008DC3F2 /* LaunchScreen.storyboard */ = {
			isa = PBXVariantGroup;
			children = (
				DF5CAF1225E7E4EE008DC3F2 /* Base */,
				DF5CAF9325E7FBA1008DC3F2 /* es-419 */,
			);
			name = LaunchScreen.storyboard;
			sourceTree = "<group>";
		};
		DF5CAFAC25E7FBCC008DC3F2 /* Localizable.strings */ = {
			isa = PBXVariantGroup;
			children = (
				DF5CAFAB25E7FBCC008DC3F2 /* en */,
				DF5CAFB225E7FBCF008DC3F2 /* es-419 */,
			);
			name = Localizable.strings;
			sourceTree = "<group>";
		};
/* End PBXVariantGroup section */

/* Begin XCBuildConfiguration section */
		DF5CAF2B25E7E4EE008DC3F2 /* Debug */ = {
			isa = XCBuildConfiguration;
			buildSettings = {
				ALWAYS_SEARCH_USER_PATHS = NO;
				CLANG_ANALYZER_LOCALIZABILITY_NONLOCALIZED = YES;
				CLANG_ANALYZER_NONNULL = YES;
				CLANG_ANALYZER_NUMBER_OBJECT_CONVERSION = YES_AGGRESSIVE;
				CLANG_CXX_LANGUAGE_STANDARD = "gnu++14";
				CLANG_CXX_LIBRARY = "libc++";
				CLANG_ENABLE_MODULES = YES;
				CLANG_ENABLE_OBJC_ARC = YES;
				CLANG_ENABLE_OBJC_WEAK = YES;
				CLANG_WARN_BLOCK_CAPTURE_AUTORELEASING = YES;
				CLANG_WARN_BOOL_CONVERSION = YES;
				CLANG_WARN_COMMA = YES;
				CLANG_WARN_CONSTANT_CONVERSION = YES;
				CLANG_WARN_DEPRECATED_OBJC_IMPLEMENTATIONS = YES;
				CLANG_WARN_DIRECT_OBJC_ISA_USAGE = YES_ERROR;
				CLANG_WARN_DOCUMENTATION_COMMENTS = YES;
				CLANG_WARN_EMPTY_BODY = YES;
				CLANG_WARN_ENUM_CONVERSION = YES;
				CLANG_WARN_INFINITE_RECURSION = YES;
				CLANG_WARN_INT_CONVERSION = YES;
				CLANG_WARN_NON_LITERAL_NULL_CONVERSION = YES;
				CLANG_WARN_OBJC_IMPLICIT_RETAIN_SELF = YES;
				CLANG_WARN_OBJC_LITERAL_CONVERSION = YES;
				CLANG_WARN_OBJC_ROOT_CLASS = YES_ERROR;
				CLANG_WARN_QUOTED_INCLUDE_IN_FRAMEWORK_HEADER = YES;
				CLANG_WARN_RANGE_LOOP_ANALYSIS = YES;
				CLANG_WARN_STRICT_PROTOTYPES = YES;
				CLANG_WARN_SUSPICIOUS_MOVE = YES;
				CLANG_WARN_UNGUARDED_AVAILABILITY = YES_AGGRESSIVE;
				CLANG_WARN_UNREACHABLE_CODE = YES;
				CLANG_WARN__DUPLICATE_METHOD_MATCH = YES;
				COPY_PHASE_STRIP = NO;
				DEBUG_INFORMATION_FORMAT = dwarf;
				ENABLE_STRICT_OBJC_MSGSEND = YES;
				ENABLE_TESTABILITY = YES;
				GCC_C_LANGUAGE_STANDARD = gnu11;
				GCC_DYNAMIC_NO_PIC = NO;
				GCC_NO_COMMON_BLOCKS = YES;
				GCC_OPTIMIZATION_LEVEL = 0;
				GCC_PREPROCESSOR_DEFINITIONS = (
					"DEBUG=1",
					"$(inherited)",
				);
				GCC_WARN_64_TO_32_BIT_CONVERSION = YES;
				GCC_WARN_ABOUT_RETURN_TYPE = YES_ERROR;
				GCC_WARN_UNDECLARED_SELECTOR = YES;
				GCC_WARN_UNINITIALIZED_AUTOS = YES_AGGRESSIVE;
				GCC_WARN_UNUSED_FUNCTION = YES;
				GCC_WARN_UNUSED_VARIABLE = YES;
				IPHONEOS_DEPLOYMENT_TARGET = 14.4;
				MTL_ENABLE_DEBUG_INFO = INCLUDE_SOURCE;
				MTL_FAST_MATH = YES;
				ONLY_ACTIVE_ARCH = YES;
				SDKROOT = iphoneos;
				SWIFT_ACTIVE_COMPILATION_CONDITIONS = DEBUG;
				SWIFT_OPTIMIZATION_LEVEL = "-Onone";
			};
			name = Debug;
		};
		DF5CAF2C25E7E4EE008DC3F2 /* Release */ = {
			isa = XCBuildConfiguration;
			buildSettings = {
				ALWAYS_SEARCH_USER_PATHS = NO;
				CLANG_ANALYZER_LOCALIZABILITY_NONLOCALIZED = YES;
				CLANG_ANALYZER_NONNULL = YES;
				CLANG_ANALYZER_NUMBER_OBJECT_CONVERSION = YES_AGGRESSIVE;
				CLANG_CXX_LANGUAGE_STANDARD = "gnu++14";
				CLANG_CXX_LIBRARY = "libc++";
				CLANG_ENABLE_MODULES = YES;
				CLANG_ENABLE_OBJC_ARC = YES;
				CLANG_ENABLE_OBJC_WEAK = YES;
				CLANG_WARN_BLOCK_CAPTURE_AUTORELEASING = YES;
				CLANG_WARN_BOOL_CONVERSION = YES;
				CLANG_WARN_COMMA = YES;
				CLANG_WARN_CONSTANT_CONVERSION = YES;
				CLANG_WARN_DEPRECATED_OBJC_IMPLEMENTATIONS = YES;
				CLANG_WARN_DIRECT_OBJC_ISA_USAGE = YES_ERROR;
				CLANG_WARN_DOCUMENTATION_COMMENTS = YES;
				CLANG_WARN_EMPTY_BODY = YES;
				CLANG_WARN_ENUM_CONVERSION = YES;
				CLANG_WARN_INFINITE_RECURSION = YES;
				CLANG_WARN_INT_CONVERSION = YES;
				CLANG_WARN_NON_LITERAL_NULL_CONVERSION = YES;
				CLANG_WARN_OBJC_IMPLICIT_RETAIN_SELF = YES;
				CLANG_WARN_OBJC_LITERAL_CONVERSION = YES;
				CLANG_WARN_OBJC_ROOT_CLASS = YES_ERROR;
				CLANG_WARN_QUOTED_INCLUDE_IN_FRAMEWORK_HEADER = YES;
				CLANG_WARN_RANGE_LOOP_ANALYSIS = YES;
				CLANG_WARN_STRICT_PROTOTYPES = YES;
				CLANG_WARN_SUSPICIOUS_MOVE = YES;
				CLANG_WARN_UNGUARDED_AVAILABILITY = YES_AGGRESSIVE;
				CLANG_WARN_UNREACHABLE_CODE = YES;
				CLANG_WARN__DUPLICATE_METHOD_MATCH = YES;
				COPY_PHASE_STRIP = NO;
				DEBUG_INFORMATION_FORMAT = "dwarf-with-dsym";
				ENABLE_NS_ASSERTIONS = NO;
				ENABLE_STRICT_OBJC_MSGSEND = YES;
				GCC_C_LANGUAGE_STANDARD = gnu11;
				GCC_NO_COMMON_BLOCKS = YES;
				GCC_WARN_64_TO_32_BIT_CONVERSION = YES;
				GCC_WARN_ABOUT_RETURN_TYPE = YES_ERROR;
				GCC_WARN_UNDECLARED_SELECTOR = YES;
				GCC_WARN_UNINITIALIZED_AUTOS = YES_AGGRESSIVE;
				GCC_WARN_UNUSED_FUNCTION = YES;
				GCC_WARN_UNUSED_VARIABLE = YES;
				IPHONEOS_DEPLOYMENT_TARGET = 14.4;
				MTL_ENABLE_DEBUG_INFO = NO;
				MTL_FAST_MATH = YES;
				SDKROOT = iphoneos;
				SWIFT_COMPILATION_MODE = wholemodule;
				SWIFT_OPTIMIZATION_LEVEL = "-O";
				VALIDATE_PRODUCT = YES;
			};
			name = Release;
		};
		DF5CAF2E25E7E4EE008DC3F2 /* Debug */ = {
			isa = XCBuildConfiguration;
			buildSettings = {
				ASSETCATALOG_COMPILER_APPICON_NAME = AppIcon;
				ASSETCATALOG_COMPILER_GLOBAL_ACCENT_COLOR_NAME = AccentColor;
				CODE_SIGN_STYLE = Automatic;
				DEVELOPMENT_TEAM = 95VYJW39GC;
				INFOPLIST_FILE = "$(SRCROOT)/Currency App/Supporting Files/Info.plist";
				IPHONEOS_DEPLOYMENT_TARGET = 13.0;
				LD_RUNPATH_SEARCH_PATHS = (
					"$(inherited)",
					"@executable_path/Frameworks",
				);
				PRODUCT_BUNDLE_IDENTIFIER = "com.BCP.Currency-App";
				PRODUCT_NAME = "$(TARGET_NAME)";
				SWIFT_VERSION = 5.0;
				TARGETED_DEVICE_FAMILY = "1,2";
			};
			name = Debug;
		};
		DF5CAF2F25E7E4EE008DC3F2 /* Release */ = {
			isa = XCBuildConfiguration;
			buildSettings = {
				ASSETCATALOG_COMPILER_APPICON_NAME = AppIcon;
				ASSETCATALOG_COMPILER_GLOBAL_ACCENT_COLOR_NAME = AccentColor;
				CODE_SIGN_STYLE = Automatic;
				DEVELOPMENT_TEAM = 95VYJW39GC;
				INFOPLIST_FILE = "$(SRCROOT)/Currency App/Supporting Files/Info.plist";
				IPHONEOS_DEPLOYMENT_TARGET = 13.0;
				LD_RUNPATH_SEARCH_PATHS = (
					"$(inherited)",
					"@executable_path/Frameworks",
				);
				PRODUCT_BUNDLE_IDENTIFIER = "com.BCP.Currency-App";
				PRODUCT_NAME = "$(TARGET_NAME)";
				SWIFT_VERSION = 5.0;
				TARGETED_DEVICE_FAMILY = "1,2";
			};
			name = Release;
		};
		DF5CAF3125E7E4EE008DC3F2 /* Debug */ = {
			isa = XCBuildConfiguration;
			buildSettings = {
				ALWAYS_EMBED_SWIFT_STANDARD_LIBRARIES = YES;
				BUNDLE_LOADER = "$(TEST_HOST)";
				CODE_SIGN_STYLE = Automatic;
				DEVELOPMENT_TEAM = 95VYJW39GC;
				INFOPLIST_FILE = "Currency AppTests/Info.plist";
				IPHONEOS_DEPLOYMENT_TARGET = 14.4;
				LD_RUNPATH_SEARCH_PATHS = (
					"$(inherited)",
					"@executable_path/Frameworks",
					"@loader_path/Frameworks",
				);
				PRODUCT_BUNDLE_IDENTIFIER = "com.BCP.Currency-AppTests";
				PRODUCT_NAME = "$(TARGET_NAME)";
				SWIFT_VERSION = 5.0;
				TARGETED_DEVICE_FAMILY = "1,2";
				TEST_HOST = "$(BUILT_PRODUCTS_DIR)/Currency App.app/Currency App";
			};
			name = Debug;
		};
		DF5CAF3225E7E4EE008DC3F2 /* Release */ = {
			isa = XCBuildConfiguration;
			buildSettings = {
				ALWAYS_EMBED_SWIFT_STANDARD_LIBRARIES = YES;
				BUNDLE_LOADER = "$(TEST_HOST)";
				CODE_SIGN_STYLE = Automatic;
				DEVELOPMENT_TEAM = 95VYJW39GC;
				INFOPLIST_FILE = "Currency AppTests/Info.plist";
				IPHONEOS_DEPLOYMENT_TARGET = 14.4;
				LD_RUNPATH_SEARCH_PATHS = (
					"$(inherited)",
					"@executable_path/Frameworks",
					"@loader_path/Frameworks",
				);
				PRODUCT_BUNDLE_IDENTIFIER = "com.BCP.Currency-AppTests";
				PRODUCT_NAME = "$(TARGET_NAME)";
				SWIFT_VERSION = 5.0;
				TARGETED_DEVICE_FAMILY = "1,2";
				TEST_HOST = "$(BUILT_PRODUCTS_DIR)/Currency App.app/Currency App";
			};
			name = Release;
		};
		DF5CAF3425E7E4EE008DC3F2 /* Debug */ = {
			isa = XCBuildConfiguration;
			buildSettings = {
				ALWAYS_EMBED_SWIFT_STANDARD_LIBRARIES = YES;
				CODE_SIGN_STYLE = Automatic;
				DEVELOPMENT_TEAM = 95VYJW39GC;
				INFOPLIST_FILE = "Currency AppUITests/Info.plist";
				LD_RUNPATH_SEARCH_PATHS = (
					"$(inherited)",
					"@executable_path/Frameworks",
					"@loader_path/Frameworks",
				);
				PRODUCT_BUNDLE_IDENTIFIER = "com.BCP.Currency-AppUITests";
				PRODUCT_NAME = "$(TARGET_NAME)";
				SWIFT_VERSION = 5.0;
				TARGETED_DEVICE_FAMILY = "1,2";
				TEST_TARGET_NAME = "Currency App";
			};
			name = Debug;
		};
		DF5CAF3525E7E4EE008DC3F2 /* Release */ = {
			isa = XCBuildConfiguration;
			buildSettings = {
				ALWAYS_EMBED_SWIFT_STANDARD_LIBRARIES = YES;
				CODE_SIGN_STYLE = Automatic;
				DEVELOPMENT_TEAM = 95VYJW39GC;
				INFOPLIST_FILE = "Currency AppUITests/Info.plist";
				LD_RUNPATH_SEARCH_PATHS = (
					"$(inherited)",
					"@executable_path/Frameworks",
					"@loader_path/Frameworks",
				);
				PRODUCT_BUNDLE_IDENTIFIER = "com.BCP.Currency-AppUITests";
				PRODUCT_NAME = "$(TARGET_NAME)";
				SWIFT_VERSION = 5.0;
				TARGETED_DEVICE_FAMILY = "1,2";
				TEST_TARGET_NAME = "Currency App";
			};
			name = Release;
		};
		DF5CAF4B25E7E64F008DC3F2 /* Debug */ = {
			isa = XCBuildConfiguration;
			buildSettings = {
				ASSETCATALOG_COMPILER_APPICON_NAME = AppIcon;
				ASSETCATALOG_COMPILER_GLOBAL_ACCENT_COLOR_NAME = AccentColor;
				CODE_SIGN_STYLE = Automatic;
				DEVELOPMENT_TEAM = 95VYJW39GC;
				INFOPLIST_FILE = "$(SRCROOT)/Currency App/Supporting Files/Info UAT.plist";
				IPHONEOS_DEPLOYMENT_TARGET = 13.0;
				LD_RUNPATH_SEARCH_PATHS = (
					"$(inherited)",
					"@executable_path/Frameworks",
				);
				PRODUCT_BUNDLE_IDENTIFIER = "com.BCPUAT.Currency-App";
				PRODUCT_NAME = "$(TARGET_NAME)";
				SWIFT_VERSION = 5.0;
				TARGETED_DEVICE_FAMILY = "1,2";
			};
			name = Debug;
		};
		DF5CAF4C25E7E64F008DC3F2 /* Release */ = {
			isa = XCBuildConfiguration;
			buildSettings = {
				ASSETCATALOG_COMPILER_APPICON_NAME = AppIcon;
				ASSETCATALOG_COMPILER_GLOBAL_ACCENT_COLOR_NAME = AccentColor;
				CODE_SIGN_STYLE = Automatic;
				DEVELOPMENT_TEAM = 95VYJW39GC;
				INFOPLIST_FILE = "$(SRCROOT)/Currency App/Supporting Files/Info UAT.plist";
				IPHONEOS_DEPLOYMENT_TARGET = 13.0;
				LD_RUNPATH_SEARCH_PATHS = (
					"$(inherited)",
					"@executable_path/Frameworks",
				);
				PRODUCT_BUNDLE_IDENTIFIER = "com.BCPUAT.Currency-App";
				PRODUCT_NAME = "$(TARGET_NAME)";
				SWIFT_VERSION = 5.0;
				TARGETED_DEVICE_FAMILY = "1,2";
			};
			name = Release;
		};
		DF5CAF6525E7E655008DC3F2 /* Debug */ = {
			isa = XCBuildConfiguration;
			buildSettings = {
				ASSETCATALOG_COMPILER_APPICON_NAME = AppIcon;
				ASSETCATALOG_COMPILER_GLOBAL_ACCENT_COLOR_NAME = AccentColor;
				CODE_SIGN_STYLE = Automatic;
				DEVELOPMENT_TEAM = 95VYJW39GC;
				INFOPLIST_FILE = "$(SRCROOT)/Currency App/Supporting Files/Info Dev.plist";
				IPHONEOS_DEPLOYMENT_TARGET = 13.0;
				LD_RUNPATH_SEARCH_PATHS = (
					"$(inherited)",
					"@executable_path/Frameworks",
				);
				PRODUCT_BUNDLE_IDENTIFIER = "com.BCPDev.Currency-App";
				PRODUCT_NAME = "$(TARGET_NAME)";
				SWIFT_VERSION = 5.0;
				TARGETED_DEVICE_FAMILY = "1,2";
			};
			name = Debug;
		};
		DF5CAF6625E7E655008DC3F2 /* Release */ = {
			isa = XCBuildConfiguration;
			buildSettings = {
				ASSETCATALOG_COMPILER_APPICON_NAME = AppIcon;
				ASSETCATALOG_COMPILER_GLOBAL_ACCENT_COLOR_NAME = AccentColor;
				CODE_SIGN_STYLE = Automatic;
				DEVELOPMENT_TEAM = 95VYJW39GC;
				INFOPLIST_FILE = "$(SRCROOT)/Currency App/Supporting Files/Info Dev.plist";
				IPHONEOS_DEPLOYMENT_TARGET = 13.0;
				LD_RUNPATH_SEARCH_PATHS = (
					"$(inherited)",
					"@executable_path/Frameworks",
				);
				PRODUCT_BUNDLE_IDENTIFIER = "com.BCPDev.Currency-App";
				PRODUCT_NAME = "$(TARGET_NAME)";
				SWIFT_VERSION = 5.0;
				TARGETED_DEVICE_FAMILY = "1,2";
			};
			name = Release;
		};
/* End XCBuildConfiguration section */

/* Begin XCConfigurationList section */
		DF5CAEFE25E7E4EC008DC3F2 /* Build configuration list for PBXProject "Currency App" */ = {
			isa = XCConfigurationList;
			buildConfigurations = (
				DF5CAF2B25E7E4EE008DC3F2 /* Debug */,
				DF5CAF2C25E7E4EE008DC3F2 /* Release */,
			);
			defaultConfigurationIsVisible = 0;
			defaultConfigurationName = Release;
		};
		DF5CAF2D25E7E4EE008DC3F2 /* Build configuration list for PBXNativeTarget "Currency App" */ = {
			isa = XCConfigurationList;
			buildConfigurations = (
				DF5CAF2E25E7E4EE008DC3F2 /* Debug */,
				DF5CAF2F25E7E4EE008DC3F2 /* Release */,
			);
			defaultConfigurationIsVisible = 0;
			defaultConfigurationName = Release;
		};
		DF5CAF3025E7E4EE008DC3F2 /* Build configuration list for PBXNativeTarget "Currency AppTests" */ = {
			isa = XCConfigurationList;
			buildConfigurations = (
				DF5CAF3125E7E4EE008DC3F2 /* Debug */,
				DF5CAF3225E7E4EE008DC3F2 /* Release */,
			);
			defaultConfigurationIsVisible = 0;
			defaultConfigurationName = Release;
		};
		DF5CAF3325E7E4EE008DC3F2 /* Build configuration list for PBXNativeTarget "Currency AppUITests" */ = {
			isa = XCConfigurationList;
			buildConfigurations = (
				DF5CAF3425E7E4EE008DC3F2 /* Debug */,
				DF5CAF3525E7E4EE008DC3F2 /* Release */,
			);
			defaultConfigurationIsVisible = 0;
			defaultConfigurationName = Release;
		};
		DF5CAF4A25E7E64F008DC3F2 /* Build configuration list for PBXNativeTarget "Currency App UAT" */ = {
			isa = XCConfigurationList;
			buildConfigurations = (
				DF5CAF4B25E7E64F008DC3F2 /* Debug */,
				DF5CAF4C25E7E64F008DC3F2 /* Release */,
			);
			defaultConfigurationIsVisible = 0;
			defaultConfigurationName = Release;
		};
		DF5CAF6425E7E655008DC3F2 /* Build configuration list for PBXNativeTarget "Currency App Dev" */ = {
			isa = XCConfigurationList;
			buildConfigurations = (
				DF5CAF6525E7E655008DC3F2 /* Debug */,
				DF5CAF6625E7E655008DC3F2 /* Release */,
			);
			defaultConfigurationIsVisible = 0;
			defaultConfigurationName = Release;
		};
/* End XCConfigurationList section */
	};
	rootObject = DF5CAEFB25E7E4EC008DC3F2 /* Project object */;
}
